
Microsoft Visual Studio Solution File, Format Version 12.00
# Visual Studio Version 17
VisualStudioVersion = 17.3.32825.248
MinimumVisualStudioVersion = 10.0.40219.1
Project("{FAE04EC0-301F-11D3-BF4B-00C04F79EFBC}") = "Task_3", "Task_3\Task_3.csproj", "{1F9AB984-20C0-4EA1-8784-B44399A45270}"
EndProject
Global
	GlobalSection(SolutionConfigurationPlatforms) = preSolution
		Debug|Any CPU = Debug|Any CPU
		Release|Any CPU = Release|Any CPU
	EndGlobalSection
	GlobalSection(ProjectConfigurationPlatforms) = postSolution
		{1F9AB984-20C0-4EA1-8784-B44399A45270}.Debug|Any CPU.ActiveCfg = Debug|Any CPU
		{1F9AB984-20C0-4EA1-8784-B44399A45270}.Debug|Any CPU.Build.0 = Debug|Any CPU
		{1F9AB984-20C0-4EA1-8784-B44399A45270}.Release|Any CPU.ActiveCfg = Release|Any CPU
		{1F9AB984-20C0-4EA1-8784-B44399A45270}.Release|Any CPU.Build.0 = Release|Any CPU
	EndGlobalSection
	GlobalSection(SolutionProperties) = preSolution
		HideSolutionNode = FALSE
	EndGlobalSection
	GlobalSection(ExtensibilityGlobals) = postSolution
		SolutionGuid = {2E1AADC9-6416-4D12-BE45-5FBDE59A852B}
	EndGlobalSection
EndGlobal
