
Microsoft Visual Studio Solution File, Format Version 12.00
# Visual Studio Version 17
VisualStudioVersion = 17.3.32825.248
MinimumVisualStudioVersion = 10.0.40219.1
Project("{9A19103F-16F7-4668-BE54-9A1E7A4F7556}") = "Task_1", "Task_1\Task_1.csproj", "{3ED3DC15-EF2D-48C1-89BD-E0DBD1AC3B13}"
EndProject
Project("{FAE04EC0-301F-11D3-BF4B-00C04F79EFBC}") = "Task_2", "Task_2\Task_2.csproj", "{6FC3E56B-AB05-4392-91F4-8032C660AB97}"
EndProject
Global
	GlobalSection(SolutionConfigurationPlatforms) = preSolution
		Debug|Any CPU = Debug|Any CPU
		Release|Any CPU = Release|Any CPU
	EndGlobalSection
	GlobalSection(ProjectConfigurationPlatforms) = postSolution
		{3ED3DC15-EF2D-48C1-89BD-E0DBD1AC3B13}.Debug|Any CPU.ActiveCfg = Debug|Any CPU
		{3ED3DC15-EF2D-48C1-89BD-E0DBD1AC3B13}.Debug|Any CPU.Build.0 = Debug|Any CPU
		{3ED3DC15-EF2D-48C1-89BD-E0DBD1AC3B13}.Release|Any CPU.ActiveCfg = Release|Any CPU
		{3ED3DC15-EF2D-48C1-89BD-E0DBD1AC3B13}.Release|Any CPU.Build.0 = Release|Any CPU
		{6FC3E56B-AB05-4392-91F4-8032C660AB97}.Debug|Any CPU.ActiveCfg = Debug|Any CPU
		{6FC3E56B-AB05-4392-91F4-8032C660AB97}.Debug|Any CPU.Build.0 = Debug|Any CPU
		{6FC3E56B-AB05-4392-91F4-8032C660AB97}.Release|Any CPU.ActiveCfg = Release|Any CPU
		{6FC3E56B-AB05-4392-91F4-8032C660AB97}.Release|Any CPU.Build.0 = Release|Any CPU
	EndGlobalSection
	GlobalSection(SolutionProperties) = preSolution
		HideSolutionNode = FALSE
	EndGlobalSection
	GlobalSection(ExtensibilityGlobals) = postSolution
		SolutionGuid = {AFC91131-BD23-45C4-BAEE-1AC8A4AB9153}
	EndGlobalSection
EndGlobal
