
Microsoft Visual Studio Solution File, Format Version 12.00
# Visual Studio Version 17
VisualStudioVersion = 17.3.32825.248
MinimumVisualStudioVersion = 10.0.40219.1
Project("{FAE04EC0-301F-11D3-BF4B-00C04F79EFBC}") = "Task_2", "Task_2\Task_2.csproj", "{237BF700-A935-450C-BBD8-24B45F78FA0C}"
EndProject
Global
	GlobalSection(SolutionConfigurationPlatforms) = preSolution
		Debug|Any CPU = Debug|Any CPU
		Release|Any CPU = Release|Any CPU
	EndGlobalSection
	GlobalSection(ProjectConfigurationPlatforms) = postSolution
		{237BF700-A935-450C-BBD8-24B45F78FA0C}.Debug|Any CPU.ActiveCfg = Debug|Any CPU
		{237BF700-A935-450C-BBD8-24B45F78FA0C}.Debug|Any CPU.Build.0 = Debug|Any CPU
		{237BF700-A935-450C-BBD8-24B45F78FA0C}.Release|Any CPU.ActiveCfg = Release|Any CPU
		{237BF700-A935-450C-BBD8-24B45F78FA0C}.Release|Any CPU.Build.0 = Release|Any CPU
	EndGlobalSection
	GlobalSection(SolutionProperties) = preSolution
		HideSolutionNode = FALSE
	EndGlobalSection
	GlobalSection(ExtensibilityGlobals) = postSolution
		SolutionGuid = {BD30D8D2-3254-4849-B3FB-3B7B49945887}
	EndGlobalSection
EndGlobal
