
Microsoft Visual Studio Solution File, Format Version 12.00
# Visual Studio Version 17
VisualStudioVersion = 17.3.32825.248
MinimumVisualStudioVersion = 10.0.40219.1
Project("{9A19103F-16F7-4668-BE54-9A1E7A4F7556}") = "Task_1", "Task_1\Task_1.csproj", "{8F60FE70-A1B7-4661-8E2E-F60EB3F10C15}"
EndProject
Project("{9A19103F-16F7-4668-BE54-9A1E7A4F7556}") = "Task_2", "Task_2\Task_2.csproj", "{40827812-218F-4C90-9721-8311CB875049}"
EndProject
Global
	GlobalSection(SolutionConfigurationPlatforms) = preSolution
		Debug|Any CPU = Debug|Any CPU
		Release|Any CPU = Release|Any CPU
	EndGlobalSection
	GlobalSection(ProjectConfigurationPlatforms) = postSolution
		{8F60FE70-A1B7-4661-8E2E-F60EB3F10C15}.Debug|Any CPU.ActiveCfg = Debug|Any CPU
		{8F60FE70-A1B7-4661-8E2E-F60EB3F10C15}.Debug|Any CPU.Build.0 = Debug|Any CPU
		{8F60FE70-A1B7-4661-8E2E-F60EB3F10C15}.Release|Any CPU.ActiveCfg = Release|Any CPU
		{8F60FE70-A1B7-4661-8E2E-F60EB3F10C15}.Release|Any CPU.Build.0 = Release|Any CPU
		{40827812-218F-4C90-9721-8311CB875049}.Debug|Any CPU.ActiveCfg = Debug|Any CPU
		{40827812-218F-4C90-9721-8311CB875049}.Debug|Any CPU.Build.0 = Debug|Any CPU
		{40827812-218F-4C90-9721-8311CB875049}.Release|Any CPU.ActiveCfg = Release|Any CPU
		{40827812-218F-4C90-9721-8311CB875049}.Release|Any CPU.Build.0 = Release|Any CPU
	EndGlobalSection
	GlobalSection(SolutionProperties) = preSolution
		HideSolutionNode = FALSE
	EndGlobalSection
	GlobalSection(ExtensibilityGlobals) = postSolution
		SolutionGuid = {B1A9B922-9837-45B7-9D72-9D2AAAF30C5D}
	EndGlobalSection
EndGlobal
