
Microsoft Visual Studio Solution File, Format Version 12.00
# Visual Studio Version 17
VisualStudioVersion = 17.3.32825.248
MinimumVisualStudioVersion = 10.0.40219.1
Project("{9A19103F-16F7-4668-BE54-9A1E7A4F7556}") = "Task_1.1", "Task_1\Task_1.1.csproj", "{C6A15785-63C5-4CCF-8D9C-C56C9C7D0A4B}"
EndProject
Project("{9A19103F-16F7-4668-BE54-9A1E7A4F7556}") = "Task_1.2", "Task_1.2\Task_1.2.csproj", "{9DC92301-4893-4FD0-9870-CB90F9C86675}"
EndProject
Project("{FAE04EC0-301F-11D3-BF4B-00C04F79EFBC}") = "Task_1.3", "Task_1.3\Task_1.3.csproj", "{5D74E618-5D8C-4F17-A0F8-67676A5B0C98}"
EndProject
Global
	GlobalSection(SolutionConfigurationPlatforms) = preSolution
		Debug|Any CPU = Debug|Any CPU
		Release|Any CPU = Release|Any CPU
	EndGlobalSection
	GlobalSection(ProjectConfigurationPlatforms) = postSolution
		{C6A15785-63C5-4CCF-8D9C-C56C9C7D0A4B}.Debug|Any CPU.ActiveCfg = Debug|Any CPU
		{C6A15785-63C5-4CCF-8D9C-C56C9C7D0A4B}.Debug|Any CPU.Build.0 = Debug|Any CPU
		{C6A15785-63C5-4CCF-8D9C-C56C9C7D0A4B}.Release|Any CPU.ActiveCfg = Release|Any CPU
		{C6A15785-63C5-4CCF-8D9C-C56C9C7D0A4B}.Release|Any CPU.Build.0 = Release|Any CPU
		{9DC92301-4893-4FD0-9870-CB90F9C86675}.Debug|Any CPU.ActiveCfg = Debug|Any CPU
		{9DC92301-4893-4FD0-9870-CB90F9C86675}.Debug|Any CPU.Build.0 = Debug|Any CPU
		{9DC92301-4893-4FD0-9870-CB90F9C86675}.Release|Any CPU.ActiveCfg = Release|Any CPU
		{9DC92301-4893-4FD0-9870-CB90F9C86675}.Release|Any CPU.Build.0 = Release|Any CPU
		{5D74E618-5D8C-4F17-A0F8-67676A5B0C98}.Debug|Any CPU.ActiveCfg = Debug|Any CPU
		{5D74E618-5D8C-4F17-A0F8-67676A5B0C98}.Debug|Any CPU.Build.0 = Debug|Any CPU
		{5D74E618-5D8C-4F17-A0F8-67676A5B0C98}.Release|Any CPU.ActiveCfg = Release|Any CPU
		{5D74E618-5D8C-4F17-A0F8-67676A5B0C98}.Release|Any CPU.Build.0 = Release|Any CPU
	EndGlobalSection
	GlobalSection(SolutionProperties) = preSolution
		HideSolutionNode = FALSE
	EndGlobalSection
	GlobalSection(ExtensibilityGlobals) = postSolution
		SolutionGuid = {575ED3EF-5F38-44F8-91E9-CC1829797DCE}
	EndGlobalSection
EndGlobal
