
Microsoft Visual Studio Solution File, Format Version 12.00
# Visual Studio Version 17
VisualStudioVersion = 17.3.32825.248
MinimumVisualStudioVersion = 10.0.40219.1
Project("{FAE04EC0-301F-11D3-BF4B-00C04F79EFBC}") = "Zadanie_2", "Zadanie_2\Zadanie_2.csproj", "{40EC4DFF-C7FA-4FB2-9B4A-16B22E12B2F2}"
EndProject
Global
	GlobalSection(SolutionConfigurationPlatforms) = preSolution
		Debug|Any CPU = Debug|Any CPU
		Release|Any CPU = Release|Any CPU
	EndGlobalSection
	GlobalSection(ProjectConfigurationPlatforms) = postSolution
		{40EC4DFF-C7FA-4FB2-9B4A-16B22E12B2F2}.Debug|Any CPU.ActiveCfg = Debug|Any CPU
		{40EC4DFF-C7FA-4FB2-9B4A-16B22E12B2F2}.Debug|Any CPU.Build.0 = Debug|Any CPU
		{40EC4DFF-C7FA-4FB2-9B4A-16B22E12B2F2}.Release|Any CPU.ActiveCfg = Release|Any CPU
		{40EC4DFF-C7FA-4FB2-9B4A-16B22E12B2F2}.Release|Any CPU.Build.0 = Release|Any CPU
	EndGlobalSection
	GlobalSection(SolutionProperties) = preSolution
		HideSolutionNode = FALSE
	EndGlobalSection
	GlobalSection(ExtensibilityGlobals) = postSolution
		SolutionGuid = {89DDAB85-608F-477F-AA3A-C8E2323D1BE1}
	EndGlobalSection
EndGlobal
