
Microsoft Visual Studio Solution File, Format Version 12.00
# Visual Studio Version 17
VisualStudioVersion = 17.3.32825.248
MinimumVisualStudioVersion = 10.0.40219.1
Project("{FAE04EC0-301F-11D3-BF4B-00C04F79EFBC}") = "Task_1", "Task_1\Task_1.csproj", "{4276C9F7-D560-4668-816D-842C922C3F08}"
EndProject
Project("{FAE04EC0-301F-11D3-BF4B-00C04F79EFBC}") = "ClassLibrary", "ClassLibrary\ClassLibrary.csproj", "{BF5358AA-4393-4F17-9B39-0924F2D590DC}"
EndProject
Project("{FAE04EC0-301F-11D3-BF4B-00C04F79EFBC}") = "Task_2", "Task_2\Task_2.csproj", "{CE11AA03-6628-45E7-B330-C95F8FC4F53D}"
EndProject
Global
	GlobalSection(SolutionConfigurationPlatforms) = preSolution
		Debug|Any CPU = Debug|Any CPU
		Release|Any CPU = Release|Any CPU
	EndGlobalSection
	GlobalSection(ProjectConfigurationPlatforms) = postSolution
		{4276C9F7-D560-4668-816D-842C922C3F08}.Debug|Any CPU.ActiveCfg = Debug|Any CPU
		{4276C9F7-D560-4668-816D-842C922C3F08}.Debug|Any CPU.Build.0 = Debug|Any CPU
		{4276C9F7-D560-4668-816D-842C922C3F08}.Release|Any CPU.ActiveCfg = Release|Any CPU
		{4276C9F7-D560-4668-816D-842C922C3F08}.Release|Any CPU.Build.0 = Release|Any CPU
		{BF5358AA-4393-4F17-9B39-0924F2D590DC}.Debug|Any CPU.ActiveCfg = Debug|Any CPU
		{BF5358AA-4393-4F17-9B39-0924F2D590DC}.Debug|Any CPU.Build.0 = Debug|Any CPU
		{BF5358AA-4393-4F17-9B39-0924F2D590DC}.Release|Any CPU.ActiveCfg = Release|Any CPU
		{BF5358AA-4393-4F17-9B39-0924F2D590DC}.Release|Any CPU.Build.0 = Release|Any CPU
		{CE11AA03-6628-45E7-B330-C95F8FC4F53D}.Debug|Any CPU.ActiveCfg = Debug|Any CPU
		{CE11AA03-6628-45E7-B330-C95F8FC4F53D}.Debug|Any CPU.Build.0 = Debug|Any CPU
		{CE11AA03-6628-45E7-B330-C95F8FC4F53D}.Release|Any CPU.ActiveCfg = Release|Any CPU
		{CE11AA03-6628-45E7-B330-C95F8FC4F53D}.Release|Any CPU.Build.0 = Release|Any CPU
	EndGlobalSection
	GlobalSection(SolutionProperties) = preSolution
		HideSolutionNode = FALSE
	EndGlobalSection
	GlobalSection(ExtensibilityGlobals) = postSolution
		SolutionGuid = {E900B4A7-8DEE-4CDB-BD87-4D3D03D15695}
	EndGlobalSection
EndGlobal
