
Microsoft Visual Studio Solution File, Format Version 12.00
# Visual Studio Version 17
VisualStudioVersion = 17.3.32825.248
MinimumVisualStudioVersion = 10.0.40219.1
Project("{FAE04EC0-301F-11D3-BF4B-00C04F79EFBC}") = "Task_3", "Task_3\Task_3.csproj", "{96EA57A1-8754-49DE-ABDE-91921450A128}"
EndProject
Global
	GlobalSection(SolutionConfigurationPlatforms) = preSolution
		Debug|Any CPU = Debug|Any CPU
		Release|Any CPU = Release|Any CPU
	EndGlobalSection
	GlobalSection(ProjectConfigurationPlatforms) = postSolution
		{96EA57A1-8754-49DE-ABDE-91921450A128}.Debug|Any CPU.ActiveCfg = Debug|Any CPU
		{96EA57A1-8754-49DE-ABDE-91921450A128}.Debug|Any CPU.Build.0 = Debug|Any CPU
		{96EA57A1-8754-49DE-ABDE-91921450A128}.Release|Any CPU.ActiveCfg = Release|Any CPU
		{96EA57A1-8754-49DE-ABDE-91921450A128}.Release|Any CPU.Build.0 = Release|Any CPU
	EndGlobalSection
	GlobalSection(SolutionProperties) = preSolution
		HideSolutionNode = FALSE
	EndGlobalSection
	GlobalSection(ExtensibilityGlobals) = postSolution
		SolutionGuid = {55A3FEEA-799E-45F0-9FD0-54E2873666E7}
	EndGlobalSection
EndGlobal
