
Microsoft Visual Studio Solution File, Format Version 12.00
# Visual Studio Version 17
VisualStudioVersion = 17.3.32825.248
MinimumVisualStudioVersion = 10.0.40219.1
Project("{FAE04EC0-301F-11D3-BF4B-00C04F79EFBC}") = "Task_4", "Task_4\Task_4.csproj", "{3596D3A6-6783-4A1F-B1D0-7DAEF2169E7E}"
EndProject
Global
	GlobalSection(SolutionConfigurationPlatforms) = preSolution
		Debug|Any CPU = Debug|Any CPU
		Release|Any CPU = Release|Any CPU
	EndGlobalSection
	GlobalSection(ProjectConfigurationPlatforms) = postSolution
		{3596D3A6-6783-4A1F-B1D0-7DAEF2169E7E}.Debug|Any CPU.ActiveCfg = Debug|Any CPU
		{3596D3A6-6783-4A1F-B1D0-7DAEF2169E7E}.Debug|Any CPU.Build.0 = Debug|Any CPU
		{3596D3A6-6783-4A1F-B1D0-7DAEF2169E7E}.Release|Any CPU.ActiveCfg = Release|Any CPU
		{3596D3A6-6783-4A1F-B1D0-7DAEF2169E7E}.Release|Any CPU.Build.0 = Release|Any CPU
	EndGlobalSection
	GlobalSection(SolutionProperties) = preSolution
		HideSolutionNode = FALSE
	EndGlobalSection
	GlobalSection(ExtensibilityGlobals) = postSolution
		SolutionGuid = {A27C0669-723C-4686-A394-407E81FA4842}
	EndGlobalSection
EndGlobal
