
Microsoft Visual Studio Solution File, Format Version 12.00
# Visual Studio Version 17
VisualStudioVersion = 17.3.32825.248
MinimumVisualStudioVersion = 10.0.40219.1
Project("{FAE04EC0-301F-11D3-BF4B-00C04F79EFBC}") = "Task_1", "Task_1\Task_1.csproj", "{BFA8743B-09ED-436A-9D11-D2ED3CC3E54B}"
EndProject
Project("{FAE04EC0-301F-11D3-BF4B-00C04F79EFBC}") = "Task_2", "Task_2\Task_2.csproj", "{B9837CF2-6B3A-447C-9E57-37D83D159B33}"
EndProject
Global
	GlobalSection(SolutionConfigurationPlatforms) = preSolution
		Debug|Any CPU = Debug|Any CPU
		Release|Any CPU = Release|Any CPU
	EndGlobalSection
	GlobalSection(ProjectConfigurationPlatforms) = postSolution
		{BFA8743B-09ED-436A-9D11-D2ED3CC3E54B}.Debug|Any CPU.ActiveCfg = Debug|Any CPU
		{BFA8743B-09ED-436A-9D11-D2ED3CC3E54B}.Debug|Any CPU.Build.0 = Debug|Any CPU
		{BFA8743B-09ED-436A-9D11-D2ED3CC3E54B}.Release|Any CPU.ActiveCfg = Release|Any CPU
		{BFA8743B-09ED-436A-9D11-D2ED3CC3E54B}.Release|Any CPU.Build.0 = Release|Any CPU
		{B9837CF2-6B3A-447C-9E57-37D83D159B33}.Debug|Any CPU.ActiveCfg = Debug|Any CPU
		{B9837CF2-6B3A-447C-9E57-37D83D159B33}.Debug|Any CPU.Build.0 = Debug|Any CPU
		{B9837CF2-6B3A-447C-9E57-37D83D159B33}.Release|Any CPU.ActiveCfg = Release|Any CPU
		{B9837CF2-6B3A-447C-9E57-37D83D159B33}.Release|Any CPU.Build.0 = Release|Any CPU
	EndGlobalSection
	GlobalSection(SolutionProperties) = preSolution
		HideSolutionNode = FALSE
	EndGlobalSection
	GlobalSection(ExtensibilityGlobals) = postSolution
		SolutionGuid = {7BCA7458-64B2-414D-ADC9-C8DBB16530A6}
	EndGlobalSection
EndGlobal
