
Microsoft Visual Studio Solution File, Format Version 12.00
# Visual Studio Version 17
VisualStudioVersion = 17.3.32825.248
MinimumVisualStudioVersion = 10.0.40219.1
Project("{9A19103F-16F7-4668-BE54-9A1E7A4F7556}") = "Task_1", "Task_1\Task_1.csproj", "{78D8147D-ECC2-46FB-B713-A0E75EF67AA4}"
EndProject
Project("{FAE04EC0-301F-11D3-BF4B-00C04F79EFBC}") = "Task_2", "Task_2\Task_2.csproj", "{54EE7686-71CC-4093-89B3-E6EC551D2EA4}"
EndProject
Global
	GlobalSection(SolutionConfigurationPlatforms) = preSolution
		Debug|Any CPU = Debug|Any CPU
		Release|Any CPU = Release|Any CPU
	EndGlobalSection
	GlobalSection(ProjectConfigurationPlatforms) = postSolution
		{78D8147D-ECC2-46FB-B713-A0E75EF67AA4}.Debug|Any CPU.ActiveCfg = Debug|Any CPU
		{78D8147D-ECC2-46FB-B713-A0E75EF67AA4}.Debug|Any CPU.Build.0 = Debug|Any CPU
		{78D8147D-ECC2-46FB-B713-A0E75EF67AA4}.Release|Any CPU.ActiveCfg = Release|Any CPU
		{78D8147D-ECC2-46FB-B713-A0E75EF67AA4}.Release|Any CPU.Build.0 = Release|Any CPU
		{54EE7686-71CC-4093-89B3-E6EC551D2EA4}.Debug|Any CPU.ActiveCfg = Debug|Any CPU
		{54EE7686-71CC-4093-89B3-E6EC551D2EA4}.Debug|Any CPU.Build.0 = Debug|Any CPU
		{54EE7686-71CC-4093-89B3-E6EC551D2EA4}.Release|Any CPU.ActiveCfg = Release|Any CPU
		{54EE7686-71CC-4093-89B3-E6EC551D2EA4}.Release|Any CPU.Build.0 = Release|Any CPU
	EndGlobalSection
	GlobalSection(SolutionProperties) = preSolution
		HideSolutionNode = FALSE
	EndGlobalSection
	GlobalSection(ExtensibilityGlobals) = postSolution
		SolutionGuid = {BAC0C6EE-811A-4472-8FDC-2FBE8A410057}
	EndGlobalSection
EndGlobal
