
Microsoft Visual Studio Solution File, Format Version 12.00
# Visual Studio Version 17
VisualStudioVersion = 17.3.32825.248
MinimumVisualStudioVersion = 10.0.40219.1
Project("{FAE04EC0-301F-11D3-BF4B-00C04F79EFBC}") = "Zadanie_3", "Zadanie_3\Zadanie_3.csproj", "{BA815BF5-6AE8-46D2-9118-C6D17208A59C}"
EndProject
Global
	GlobalSection(SolutionConfigurationPlatforms) = preSolution
		Debug|Any CPU = Debug|Any CPU
		Release|Any CPU = Release|Any CPU
	EndGlobalSection
	GlobalSection(ProjectConfigurationPlatforms) = postSolution
		{BA815BF5-6AE8-46D2-9118-C6D17208A59C}.Debug|Any CPU.ActiveCfg = Debug|Any CPU
		{BA815BF5-6AE8-46D2-9118-C6D17208A59C}.Debug|Any CPU.Build.0 = Debug|Any CPU
		{BA815BF5-6AE8-46D2-9118-C6D17208A59C}.Release|Any CPU.ActiveCfg = Release|Any CPU
		{BA815BF5-6AE8-46D2-9118-C6D17208A59C}.Release|Any CPU.Build.0 = Release|Any CPU
	EndGlobalSection
	GlobalSection(SolutionProperties) = preSolution
		HideSolutionNode = FALSE
	EndGlobalSection
	GlobalSection(ExtensibilityGlobals) = postSolution
		SolutionGuid = {1AF1D059-6C8C-4C69-8220-71B285C12F17}
	EndGlobalSection
EndGlobal
