
Microsoft Visual Studio Solution File, Format Version 12.00
# Visual Studio Version 17
VisualStudioVersion = 17.3.32825.248
MinimumVisualStudioVersion = 10.0.40219.1
Project("{FAE04EC0-301F-11D3-BF4B-00C04F79EFBC}") = "Task_1", "Task_1\Task_1.csproj", "{B5094977-A8B9-440E-878F-D65EF8CE6E49}"
EndProject
Project("{FAE04EC0-301F-11D3-BF4B-00C04F79EFBC}") = "Task_2", "Task_2\Task_2.csproj", "{E853AAC5-2C2B-4660-B6C6-91A67EADB99B}"
EndProject
Project("{FAE04EC0-301F-11D3-BF4B-00C04F79EFBC}") = "Task_3", "Task_3\Task_3.csproj", "{374ED625-0C66-4445-9750-21EF56F82FE9}"
EndProject
Global
	GlobalSection(SolutionConfigurationPlatforms) = preSolution
		Debug|Any CPU = Debug|Any CPU
		Release|Any CPU = Release|Any CPU
	EndGlobalSection
	GlobalSection(ProjectConfigurationPlatforms) = postSolution
		{B5094977-A8B9-440E-878F-D65EF8CE6E49}.Debug|Any CPU.ActiveCfg = Debug|Any CPU
		{B5094977-A8B9-440E-878F-D65EF8CE6E49}.Debug|Any CPU.Build.0 = Debug|Any CPU
		{B5094977-A8B9-440E-878F-D65EF8CE6E49}.Release|Any CPU.ActiveCfg = Release|Any CPU
		{B5094977-A8B9-440E-878F-D65EF8CE6E49}.Release|Any CPU.Build.0 = Release|Any CPU
		{E853AAC5-2C2B-4660-B6C6-91A67EADB99B}.Debug|Any CPU.ActiveCfg = Debug|Any CPU
		{E853AAC5-2C2B-4660-B6C6-91A67EADB99B}.Debug|Any CPU.Build.0 = Debug|Any CPU
		{E853AAC5-2C2B-4660-B6C6-91A67EADB99B}.Release|Any CPU.ActiveCfg = Release|Any CPU
		{E853AAC5-2C2B-4660-B6C6-91A67EADB99B}.Release|Any CPU.Build.0 = Release|Any CPU
		{374ED625-0C66-4445-9750-21EF56F82FE9}.Debug|Any CPU.ActiveCfg = Debug|Any CPU
		{374ED625-0C66-4445-9750-21EF56F82FE9}.Debug|Any CPU.Build.0 = Debug|Any CPU
		{374ED625-0C66-4445-9750-21EF56F82FE9}.Release|Any CPU.ActiveCfg = Release|Any CPU
		{374ED625-0C66-4445-9750-21EF56F82FE9}.Release|Any CPU.Build.0 = Release|Any CPU
	EndGlobalSection
	GlobalSection(SolutionProperties) = preSolution
		HideSolutionNode = FALSE
	EndGlobalSection
	GlobalSection(ExtensibilityGlobals) = postSolution
		SolutionGuid = {6BD78C72-AC01-428E-81A4-0A4100D2118D}
	EndGlobalSection
EndGlobal
