
Microsoft Visual Studio Solution File, Format Version 12.00
# Visual Studio Version 17
VisualStudioVersion = 17.3.32825.248
MinimumVisualStudioVersion = 10.0.40219.1
Project("{9A19103F-16F7-4668-BE54-9A1E7A4F7556}") = "Task_1", "Task_1\Task_1.csproj", "{906E45E2-EFBE-44E0-95FE-2C83A574A03F}"
EndProject
Project("{FAE04EC0-301F-11D3-BF4B-00C04F79EFBC}") = "Task_2", "Task_2\Task_2.csproj", "{86DD1D78-ED8C-45E1-9A71-02BE38F0E2D9}"
EndProject
Project("{FAE04EC0-301F-11D3-BF4B-00C04F79EFBC}") = "Task_3", "Task_3\Task_3.csproj", "{EA26BCDF-2593-4E7B-A3B2-7ADB5DE33274}"
EndProject
Global
	GlobalSection(SolutionConfigurationPlatforms) = preSolution
		Debug|Any CPU = Debug|Any CPU
		Release|Any CPU = Release|Any CPU
	EndGlobalSection
	GlobalSection(ProjectConfigurationPlatforms) = postSolution
		{906E45E2-EFBE-44E0-95FE-2C83A574A03F}.Debug|Any CPU.ActiveCfg = Debug|Any CPU
		{906E45E2-EFBE-44E0-95FE-2C83A574A03F}.Debug|Any CPU.Build.0 = Debug|Any CPU
		{906E45E2-EFBE-44E0-95FE-2C83A574A03F}.Release|Any CPU.ActiveCfg = Release|Any CPU
		{906E45E2-EFBE-44E0-95FE-2C83A574A03F}.Release|Any CPU.Build.0 = Release|Any CPU
		{86DD1D78-ED8C-45E1-9A71-02BE38F0E2D9}.Debug|Any CPU.ActiveCfg = Debug|Any CPU
		{86DD1D78-ED8C-45E1-9A71-02BE38F0E2D9}.Debug|Any CPU.Build.0 = Debug|Any CPU
		{86DD1D78-ED8C-45E1-9A71-02BE38F0E2D9}.Release|Any CPU.ActiveCfg = Release|Any CPU
		{86DD1D78-ED8C-45E1-9A71-02BE38F0E2D9}.Release|Any CPU.Build.0 = Release|Any CPU
		{EA26BCDF-2593-4E7B-A3B2-7ADB5DE33274}.Debug|Any CPU.ActiveCfg = Debug|Any CPU
		{EA26BCDF-2593-4E7B-A3B2-7ADB5DE33274}.Debug|Any CPU.Build.0 = Debug|Any CPU
		{EA26BCDF-2593-4E7B-A3B2-7ADB5DE33274}.Release|Any CPU.ActiveCfg = Release|Any CPU
		{EA26BCDF-2593-4E7B-A3B2-7ADB5DE33274}.Release|Any CPU.Build.0 = Release|Any CPU
	EndGlobalSection
	GlobalSection(SolutionProperties) = preSolution
		HideSolutionNode = FALSE
	EndGlobalSection
	GlobalSection(ExtensibilityGlobals) = postSolution
		SolutionGuid = {50FDBEFB-8CC9-4607-85D4-8AD44CED7B26}
	EndGlobalSection
EndGlobal
