
Microsoft Visual Studio Solution File, Format Version 12.00
# Visual Studio Version 17
VisualStudioVersion = 17.3.32825.248
MinimumVisualStudioVersion = 10.0.40219.1
Project("{FAE04EC0-301F-11D3-BF4B-00C04F79EFBC}") = "Task_1", "Task_1\Task_1.csproj", "{31AC8897-F3CA-4C45-BEBE-F18FAF73FDDB}"
EndProject
Project("{FAE04EC0-301F-11D3-BF4B-00C04F79EFBC}") = "Task_2", "Task_2\Task_2.csproj", "{C1E92784-B497-44A0-9754-051F2874C2F9}"
EndProject
Project("{FAE04EC0-301F-11D3-BF4B-00C04F79EFBC}") = "Task_3", "Task_3\Task_3.csproj", "{1EA19BB8-F10E-43C5-8A50-8BBAAD40163F}"
EndProject
Project("{FAE04EC0-301F-11D3-BF4B-00C04F79EFBC}") = "Task_4", "Task_4\Task_4.csproj", "{71438DCE-9121-4664-A1DF-1B6C44A7EF42}"
EndProject
Project("{FAE04EC0-301F-11D3-BF4B-00C04F79EFBC}") = "Task_5", "Task_5\Task_5.csproj", "{BCC20691-D231-420E-904C-ADE1E69744EE}"
EndProject
Global
	GlobalSection(SolutionConfigurationPlatforms) = preSolution
		Debug|Any CPU = Debug|Any CPU
		Release|Any CPU = Release|Any CPU
	EndGlobalSection
	GlobalSection(ProjectConfigurationPlatforms) = postSolution
		{31AC8897-F3CA-4C45-BEBE-F18FAF73FDDB}.Debug|Any CPU.ActiveCfg = Debug|Any CPU
		{31AC8897-F3CA-4C45-BEBE-F18FAF73FDDB}.Debug|Any CPU.Build.0 = Debug|Any CPU
		{31AC8897-F3CA-4C45-BEBE-F18FAF73FDDB}.Release|Any CPU.ActiveCfg = Release|Any CPU
		{31AC8897-F3CA-4C45-BEBE-F18FAF73FDDB}.Release|Any CPU.Build.0 = Release|Any CPU
		{C1E92784-B497-44A0-9754-051F2874C2F9}.Debug|Any CPU.ActiveCfg = Debug|Any CPU
		{C1E92784-B497-44A0-9754-051F2874C2F9}.Debug|Any CPU.Build.0 = Debug|Any CPU
		{C1E92784-B497-44A0-9754-051F2874C2F9}.Release|Any CPU.ActiveCfg = Release|Any CPU
		{C1E92784-B497-44A0-9754-051F2874C2F9}.Release|Any CPU.Build.0 = Release|Any CPU
		{1EA19BB8-F10E-43C5-8A50-8BBAAD40163F}.Debug|Any CPU.ActiveCfg = Debug|Any CPU
		{1EA19BB8-F10E-43C5-8A50-8BBAAD40163F}.Debug|Any CPU.Build.0 = Debug|Any CPU
		{1EA19BB8-F10E-43C5-8A50-8BBAAD40163F}.Release|Any CPU.ActiveCfg = Release|Any CPU
		{1EA19BB8-F10E-43C5-8A50-8BBAAD40163F}.Release|Any CPU.Build.0 = Release|Any CPU
		{71438DCE-9121-4664-A1DF-1B6C44A7EF42}.Debug|Any CPU.ActiveCfg = Debug|Any CPU
		{71438DCE-9121-4664-A1DF-1B6C44A7EF42}.Debug|Any CPU.Build.0 = Debug|Any CPU
		{71438DCE-9121-4664-A1DF-1B6C44A7EF42}.Release|Any CPU.ActiveCfg = Release|Any CPU
		{71438DCE-9121-4664-A1DF-1B6C44A7EF42}.Release|Any CPU.Build.0 = Release|Any CPU
		{BCC20691-D231-420E-904C-ADE1E69744EE}.Debug|Any CPU.ActiveCfg = Debug|Any CPU
		{BCC20691-D231-420E-904C-ADE1E69744EE}.Debug|Any CPU.Build.0 = Debug|Any CPU
		{BCC20691-D231-420E-904C-ADE1E69744EE}.Release|Any CPU.ActiveCfg = Release|Any CPU
		{BCC20691-D231-420E-904C-ADE1E69744EE}.Release|Any CPU.Build.0 = Release|Any CPU
	EndGlobalSection
	GlobalSection(SolutionProperties) = preSolution
		HideSolutionNode = FALSE
	EndGlobalSection
	GlobalSection(ExtensibilityGlobals) = postSolution
		SolutionGuid = {24A3E82E-142E-49D3-A3B9-0C0D92804BD0}
	EndGlobalSection
EndGlobal
