
Microsoft Visual Studio Solution File, Format Version 12.00
# Visual Studio Version 17
VisualStudioVersion = 17.3.32825.248
MinimumVisualStudioVersion = 10.0.40219.1
Project("{FAE04EC0-301F-11D3-BF4B-00C04F79EFBC}") = "Task_1", "Task_1\Task_1.csproj", "{1146425C-75B2-407F-9C78-C27C2C61093C}"
EndProject
Project("{FAE04EC0-301F-11D3-BF4B-00C04F79EFBC}") = "Task_2", "Task_2\Task_2.csproj", "{5FF9C3D0-68CD-4578-803F-C5CB4AD80CD9}"
EndProject
Project("{FAE04EC0-301F-11D3-BF4B-00C04F79EFBC}") = "Task_3", "Task_3\Task_3.csproj", "{930CFEDF-1140-4F24-A33B-98DA08F2A869}"
EndProject
Project("{FAE04EC0-301F-11D3-BF4B-00C04F79EFBC}") = "Task_4", "Task_4\Task_4.csproj", "{8BD51579-9696-4BEF-8196-3B310E649BA3}"
EndProject
Global
	GlobalSection(SolutionConfigurationPlatforms) = preSolution
		Debug|Any CPU = Debug|Any CPU
		Release|Any CPU = Release|Any CPU
	EndGlobalSection
	GlobalSection(ProjectConfigurationPlatforms) = postSolution
		{1146425C-75B2-407F-9C78-C27C2C61093C}.Debug|Any CPU.ActiveCfg = Debug|Any CPU
		{1146425C-75B2-407F-9C78-C27C2C61093C}.Debug|Any CPU.Build.0 = Debug|Any CPU
		{1146425C-75B2-407F-9C78-C27C2C61093C}.Release|Any CPU.ActiveCfg = Release|Any CPU
		{1146425C-75B2-407F-9C78-C27C2C61093C}.Release|Any CPU.Build.0 = Release|Any CPU
		{5FF9C3D0-68CD-4578-803F-C5CB4AD80CD9}.Debug|Any CPU.ActiveCfg = Debug|Any CPU
		{5FF9C3D0-68CD-4578-803F-C5CB4AD80CD9}.Debug|Any CPU.Build.0 = Debug|Any CPU
		{5FF9C3D0-68CD-4578-803F-C5CB4AD80CD9}.Release|Any CPU.ActiveCfg = Release|Any CPU
		{5FF9C3D0-68CD-4578-803F-C5CB4AD80CD9}.Release|Any CPU.Build.0 = Release|Any CPU
		{930CFEDF-1140-4F24-A33B-98DA08F2A869}.Debug|Any CPU.ActiveCfg = Debug|Any CPU
		{930CFEDF-1140-4F24-A33B-98DA08F2A869}.Debug|Any CPU.Build.0 = Debug|Any CPU
		{930CFEDF-1140-4F24-A33B-98DA08F2A869}.Release|Any CPU.ActiveCfg = Release|Any CPU
		{930CFEDF-1140-4F24-A33B-98DA08F2A869}.Release|Any CPU.Build.0 = Release|Any CPU
		{8BD51579-9696-4BEF-8196-3B310E649BA3}.Debug|Any CPU.ActiveCfg = Debug|Any CPU
		{8BD51579-9696-4BEF-8196-3B310E649BA3}.Debug|Any CPU.Build.0 = Debug|Any CPU
		{8BD51579-9696-4BEF-8196-3B310E649BA3}.Release|Any CPU.ActiveCfg = Release|Any CPU
		{8BD51579-9696-4BEF-8196-3B310E649BA3}.Release|Any CPU.Build.0 = Release|Any CPU
	EndGlobalSection
	GlobalSection(SolutionProperties) = preSolution
		HideSolutionNode = FALSE
	EndGlobalSection
	GlobalSection(ExtensibilityGlobals) = postSolution
		SolutionGuid = {1379D7B1-5A06-48A5-BEBD-17CAD5664C4C}
	EndGlobalSection
EndGlobal
