
Microsoft Visual Studio Solution File, Format Version 12.00
# Visual Studio Version 17
VisualStudioVersion = 17.4.33205.214
MinimumVisualStudioVersion = 10.0.40219.1
Project("{FAE04EC0-301F-11D3-BF4B-00C04F79EFBC}") = "Task_1", "Task_1\Task_1.csproj", "{1CACD734-8D86-48AF-AF15-AD2A63F9377D}"
EndProject
Project("{9A19103F-16F7-4668-BE54-9A1E7A4F7556}") = "Task_2", "Task_2\Task_2.csproj", "{74042461-9395-4333-BEF6-0912CB0DE010}"
EndProject
Project("{9A19103F-16F7-4668-BE54-9A1E7A4F7556}") = "Task_3", "Task_3\Task_3.csproj", "{EDC81586-0A19-4D44-B9D7-C7CC6CC31A90}"
EndProject
Project("{9A19103F-16F7-4668-BE54-9A1E7A4F7556}") = "Task_4", "Task_4\Task_4.csproj", "{3DC19265-9EED-4151-B835-CB48791DB47C}"
EndProject
Global
	GlobalSection(SolutionConfigurationPlatforms) = preSolution
		Debug|Any CPU = Debug|Any CPU
		Release|Any CPU = Release|Any CPU
	EndGlobalSection
	GlobalSection(ProjectConfigurationPlatforms) = postSolution
		{1CACD734-8D86-48AF-AF15-AD2A63F9377D}.Debug|Any CPU.ActiveCfg = Debug|Any CPU
		{1CACD734-8D86-48AF-AF15-AD2A63F9377D}.Debug|Any CPU.Build.0 = Debug|Any CPU
		{1CACD734-8D86-48AF-AF15-AD2A63F9377D}.Release|Any CPU.ActiveCfg = Release|Any CPU
		{1CACD734-8D86-48AF-AF15-AD2A63F9377D}.Release|Any CPU.Build.0 = Release|Any CPU
		{74042461-9395-4333-BEF6-0912CB0DE010}.Debug|Any CPU.ActiveCfg = Debug|Any CPU
		{74042461-9395-4333-BEF6-0912CB0DE010}.Debug|Any CPU.Build.0 = Debug|Any CPU
		{74042461-9395-4333-BEF6-0912CB0DE010}.Release|Any CPU.ActiveCfg = Release|Any CPU
		{74042461-9395-4333-BEF6-0912CB0DE010}.Release|Any CPU.Build.0 = Release|Any CPU
		{EDC81586-0A19-4D44-B9D7-C7CC6CC31A90}.Debug|Any CPU.ActiveCfg = Debug|Any CPU
		{EDC81586-0A19-4D44-B9D7-C7CC6CC31A90}.Debug|Any CPU.Build.0 = Debug|Any CPU
		{EDC81586-0A19-4D44-B9D7-C7CC6CC31A90}.Release|Any CPU.ActiveCfg = Release|Any CPU
		{EDC81586-0A19-4D44-B9D7-C7CC6CC31A90}.Release|Any CPU.Build.0 = Release|Any CPU
		{3DC19265-9EED-4151-B835-CB48791DB47C}.Debug|Any CPU.ActiveCfg = Debug|Any CPU
		{3DC19265-9EED-4151-B835-CB48791DB47C}.Debug|Any CPU.Build.0 = Debug|Any CPU
		{3DC19265-9EED-4151-B835-CB48791DB47C}.Release|Any CPU.ActiveCfg = Release|Any CPU
		{3DC19265-9EED-4151-B835-CB48791DB47C}.Release|Any CPU.Build.0 = Release|Any CPU
	EndGlobalSection
	GlobalSection(SolutionProperties) = preSolution
		HideSolutionNode = FALSE
	EndGlobalSection
	GlobalSection(ExtensibilityGlobals) = postSolution
		SolutionGuid = {FA596675-7ACD-4D34-A020-67330FD4B736}
	EndGlobalSection
EndGlobal
