
Microsoft Visual Studio Solution File, Format Version 12.00
# Visual Studio Version 17
VisualStudioVersion = 17.3.32825.248
MinimumVisualStudioVersion = 10.0.40219.1
Project("{FAE04EC0-301F-11D3-BF4B-00C04F79EFBC}") = "Task_1", "Task_1\Task_1.csproj", "{EA4A149B-5393-4131-B234-FB07EDA27480}"
EndProject
Project("{FAE04EC0-301F-11D3-BF4B-00C04F79EFBC}") = "Task_2", "Task_2\Task_2.csproj", "{32FC19BE-6CE0-4549-890A-44878F1E69F6}"
EndProject
Global
	GlobalSection(SolutionConfigurationPlatforms) = preSolution
		Debug|Any CPU = Debug|Any CPU
		Release|Any CPU = Release|Any CPU
	EndGlobalSection
	GlobalSection(ProjectConfigurationPlatforms) = postSolution
		{EA4A149B-5393-4131-B234-FB07EDA27480}.Debug|Any CPU.ActiveCfg = Debug|Any CPU
		{EA4A149B-5393-4131-B234-FB07EDA27480}.Debug|Any CPU.Build.0 = Debug|Any CPU
		{EA4A149B-5393-4131-B234-FB07EDA27480}.Release|Any CPU.ActiveCfg = Release|Any CPU
		{EA4A149B-5393-4131-B234-FB07EDA27480}.Release|Any CPU.Build.0 = Release|Any CPU
		{32FC19BE-6CE0-4549-890A-44878F1E69F6}.Debug|Any CPU.ActiveCfg = Debug|Any CPU
		{32FC19BE-6CE0-4549-890A-44878F1E69F6}.Debug|Any CPU.Build.0 = Debug|Any CPU
		{32FC19BE-6CE0-4549-890A-44878F1E69F6}.Release|Any CPU.ActiveCfg = Release|Any CPU
		{32FC19BE-6CE0-4549-890A-44878F1E69F6}.Release|Any CPU.Build.0 = Release|Any CPU
	EndGlobalSection
	GlobalSection(SolutionProperties) = preSolution
		HideSolutionNode = FALSE
	EndGlobalSection
	GlobalSection(ExtensibilityGlobals) = postSolution
		SolutionGuid = {B6A3079A-E4E6-4091-B1CB-8C9FD132CD68}
	EndGlobalSection
EndGlobal
