
Microsoft Visual Studio Solution File, Format Version 12.00
# Visual Studio Version 17
VisualStudioVersion = 17.3.32825.248
MinimumVisualStudioVersion = 10.0.40219.1
Project("{FAE04EC0-301F-11D3-BF4B-00C04F79EFBC}") = "Task_1", "Task_1\Task_1.csproj", "{AC9F6A4E-6E55-4277-A784-224993AFCC55}"
EndProject
Project("{FAE04EC0-301F-11D3-BF4B-00C04F79EFBC}") = "Task_2", "Task_2\Task_2.csproj", "{579EA587-845D-4171-8B3C-81F9311CC08F}"
EndProject
Project("{FAE04EC0-301F-11D3-BF4B-00C04F79EFBC}") = "Task_3", "Task_3\Task_3.csproj", "{2D9170F6-1E64-4DA2-AAF8-23BC0989021D}"
EndProject
Project("{FAE04EC0-301F-11D3-BF4B-00C04F79EFBC}") = "Task_4", "Task_4\Task_4.csproj", "{00C58A06-59CE-4DBE-9ED5-73042DE2F8B0}"
EndProject
Project("{FAE04EC0-301F-11D3-BF4B-00C04F79EFBC}") = "Task_5", "Task_5\Task_5.csproj", "{0E457E7B-16A1-47A2-923A-E96DF497CAD7}"
EndProject
Global
	GlobalSection(SolutionConfigurationPlatforms) = preSolution
		Debug|Any CPU = Debug|Any CPU
		Release|Any CPU = Release|Any CPU
	EndGlobalSection
	GlobalSection(ProjectConfigurationPlatforms) = postSolution
		{AC9F6A4E-6E55-4277-A784-224993AFCC55}.Debug|Any CPU.ActiveCfg = Debug|Any CPU
		{AC9F6A4E-6E55-4277-A784-224993AFCC55}.Debug|Any CPU.Build.0 = Debug|Any CPU
		{AC9F6A4E-6E55-4277-A784-224993AFCC55}.Release|Any CPU.ActiveCfg = Release|Any CPU
		{AC9F6A4E-6E55-4277-A784-224993AFCC55}.Release|Any CPU.Build.0 = Release|Any CPU
		{579EA587-845D-4171-8B3C-81F9311CC08F}.Debug|Any CPU.ActiveCfg = Debug|Any CPU
		{579EA587-845D-4171-8B3C-81F9311CC08F}.Debug|Any CPU.Build.0 = Debug|Any CPU
		{579EA587-845D-4171-8B3C-81F9311CC08F}.Release|Any CPU.ActiveCfg = Release|Any CPU
		{579EA587-845D-4171-8B3C-81F9311CC08F}.Release|Any CPU.Build.0 = Release|Any CPU
		{2D9170F6-1E64-4DA2-AAF8-23BC0989021D}.Debug|Any CPU.ActiveCfg = Debug|Any CPU
		{2D9170F6-1E64-4DA2-AAF8-23BC0989021D}.Debug|Any CPU.Build.0 = Debug|Any CPU
		{2D9170F6-1E64-4DA2-AAF8-23BC0989021D}.Release|Any CPU.ActiveCfg = Release|Any CPU
		{2D9170F6-1E64-4DA2-AAF8-23BC0989021D}.Release|Any CPU.Build.0 = Release|Any CPU
		{00C58A06-59CE-4DBE-9ED5-73042DE2F8B0}.Debug|Any CPU.ActiveCfg = Debug|Any CPU
		{00C58A06-59CE-4DBE-9ED5-73042DE2F8B0}.Debug|Any CPU.Build.0 = Debug|Any CPU
		{00C58A06-59CE-4DBE-9ED5-73042DE2F8B0}.Release|Any CPU.ActiveCfg = Release|Any CPU
		{00C58A06-59CE-4DBE-9ED5-73042DE2F8B0}.Release|Any CPU.Build.0 = Release|Any CPU
		{0E457E7B-16A1-47A2-923A-E96DF497CAD7}.Debug|Any CPU.ActiveCfg = Debug|Any CPU
		{0E457E7B-16A1-47A2-923A-E96DF497CAD7}.Debug|Any CPU.Build.0 = Debug|Any CPU
		{0E457E7B-16A1-47A2-923A-E96DF497CAD7}.Release|Any CPU.ActiveCfg = Release|Any CPU
		{0E457E7B-16A1-47A2-923A-E96DF497CAD7}.Release|Any CPU.Build.0 = Release|Any CPU
	EndGlobalSection
	GlobalSection(SolutionProperties) = preSolution
		HideSolutionNode = FALSE
	EndGlobalSection
	GlobalSection(ExtensibilityGlobals) = postSolution
		SolutionGuid = {9EC99D38-7297-420A-8435-FB694AA8B9D0}
	EndGlobalSection
EndGlobal
